
Microsoft Visual Studio Solution File, Format Version 12.00
# Visual Studio Version 17
VisualStudioVersion = 17.6.33829.357
MinimumVisualStudioVersion = 10.0.40219.1
Project("{FAE04EC0-301F-11D3-BF4B-00C04F79EFBC}") = "onlinebookshop", "onlinebookshop\onlinebookshop.csproj", "{4C2B79D2-A74F-48D1-8432-B19B5B546E34}"
EndProject
Global
	GlobalSection(SolutionConfigurationPlatforms) = preSolution
		Debug|Any CPU = Debug|Any CPU
		Release|Any CPU = Release|Any CPU
	EndGlobalSection
	GlobalSection(ProjectConfigurationPlatforms) = postSolution
		{4C2B79D2-A74F-48D1-8432-B19B5B546E34}.Debug|Any CPU.ActiveCfg = Debug|Any CPU
		{4C2B79D2-A74F-48D1-8432-B19B5B546E34}.Debug|Any CPU.Build.0 = Debug|Any CPU
		{4C2B79D2-A74F-48D1-8432-B19B5B546E34}.Release|Any CPU.ActiveCfg = Release|Any CPU
		{4C2B79D2-A74F-48D1-8432-B19B5B546E34}.Release|Any CPU.Build.0 = Release|Any CPU
	EndGlobalSection
	GlobalSection(SolutionProperties) = preSolution
		HideSolutionNode = FALSE
	EndGlobalSection
	GlobalSection(ExtensibilityGlobals) = postSolution
		SolutionGuid = {8391EBB0-2AAA-48F7-B854-E044D84C1089}
	EndGlobalSection
EndGlobal
